
Microsoft Visual Studio Solution File, Format Version 12.00
# Visual Studio Version 17
VisualStudioVersion = 17.5.33516.290
MinimumVisualStudioVersion = 10.0.40219.1
Project("{9A19103F-16F7-4668-BE54-9A1E7A4F7556}") = "AvaloniaDataValidation", "AvaloniaDataValidation\AvaloniaDataValidation.csproj", "{A8A86E61-07AE-48F2-8D15-4CB702125412}"
EndProject
Project("{9A19103F-16F7-4668-BE54-9A1E7A4F7556}") = "AvaloniaLocalization", "AvaloniaLocalization\AvaloniaLocalization.csproj", "{3444C567-C232-4642-8346-5CC598B18C35}"
EndProject
Global
	GlobalSection(SolutionConfigurationPlatforms) = preSolution
		Debug|Any CPU = Debug|Any CPU
		Release|Any CPU = Release|Any CPU
	EndGlobalSection
	GlobalSection(ProjectConfigurationPlatforms) = postSolution
		{A8A86E61-07AE-48F2-8D15-4CB702125412}.Debug|Any CPU.ActiveCfg = Debug|Any CPU
		{A8A86E61-07AE-48F2-8D15-4CB702125412}.Debug|Any CPU.Build.0 = Debug|Any CPU
		{A8A86E61-07AE-48F2-8D15-4CB702125412}.Release|Any CPU.ActiveCfg = Release|Any CPU
		{A8A86E61-07AE-48F2-8D15-4CB702125412}.Release|Any CPU.Build.0 = Release|Any CPU
		{3444C567-C232-4642-8346-5CC598B18C35}.Debug|Any CPU.ActiveCfg = Debug|Any CPU
		{3444C567-C232-4642-8346-5CC598B18C35}.Debug|Any CPU.Build.0 = Debug|Any CPU
		{3444C567-C232-4642-8346-5CC598B18C35}.Release|Any CPU.ActiveCfg = Release|Any CPU
		{3444C567-C232-4642-8346-5CC598B18C35}.Release|Any CPU.Build.0 = Release|Any CPU
	EndGlobalSection
	GlobalSection(SolutionProperties) = preSolution
		HideSolutionNode = FALSE
	EndGlobalSection
	GlobalSection(ExtensibilityGlobals) = postSolution
		SolutionGuid = {E58307E2-88E3-42D2-B467-8ED87C656C7F}
	EndGlobalSection
EndGlobal
