
Microsoft Visual Studio Solution File, Format Version 12.00
# Visual Studio Version 17
VisualStudioVersion = 17.5.33516.290
MinimumVisualStudioVersion = 10.0.40219.1
Project("{9A19103F-16F7-4668-BE54-9A1E7A4F7556}") = "AvaloniaDataValidation", "AvaloniaDataValidation\AvaloniaDataValidation.csproj", "{A8A86E61-07AE-48F2-8D15-4CB702125412}"
EndProject
Project("{9A19103F-16F7-4668-BE54-9A1E7A4F7556}") = "AvaloniaLocalization", "AvaloniaLocalization\AvaloniaLocalization.csproj", "{3444C567-C232-4642-8346-5CC598B18C35}"
EndProject
Project("{9A19103F-16F7-4668-BE54-9A1E7A4F7556}") = "AvaloniaVisualStudioTitleBar", "AvaloniaVisualStudioTitleBar\AvaloniaVisualStudioTitleBar.csproj", "{956FD1FD-946E-4688-BD19-D675F1191221}"
EndProject
Project("{9A19103F-16F7-4668-BE54-9A1E7A4F7556}") = "AvaloniaChangeTheme", "AvaloniaChangeTheme\AvaloniaChangeTheme.csproj", "{F5972C75-4145-44F0-BDC3-56EC74ADE674}"
EndProject
Project("{9A19103F-16F7-4668-BE54-9A1E7A4F7556}") = "AvaloniaChangeTheme.Desktop", "AvaloniaChangeTheme.Desktop\AvaloniaChangeTheme.Desktop.csproj", "{E8ACADFC-FA96-49AA-8A46-FC5C36E5C1EC}"
EndProject
Global
	GlobalSection(SolutionConfigurationPlatforms) = preSolution
		Debug|Any CPU = Debug|Any CPU
		Release|Any CPU = Release|Any CPU
	EndGlobalSection
	GlobalSection(ProjectConfigurationPlatforms) = postSolution
		{A8A86E61-07AE-48F2-8D15-4CB702125412}.Debug|Any CPU.ActiveCfg = Debug|Any CPU
		{A8A86E61-07AE-48F2-8D15-4CB702125412}.Debug|Any CPU.Build.0 = Debug|Any CPU
		{A8A86E61-07AE-48F2-8D15-4CB702125412}.Release|Any CPU.ActiveCfg = Release|Any CPU
		{A8A86E61-07AE-48F2-8D15-4CB702125412}.Release|Any CPU.Build.0 = Release|Any CPU
		{3444C567-C232-4642-8346-5CC598B18C35}.Debug|Any CPU.ActiveCfg = Debug|Any CPU
		{3444C567-C232-4642-8346-5CC598B18C35}.Debug|Any CPU.Build.0 = Debug|Any CPU
		{3444C567-C232-4642-8346-5CC598B18C35}.Release|Any CPU.ActiveCfg = Release|Any CPU
		{3444C567-C232-4642-8346-5CC598B18C35}.Release|Any CPU.Build.0 = Release|Any CPU
		{956FD1FD-946E-4688-BD19-D675F1191221}.Debug|Any CPU.ActiveCfg = Debug|Any CPU
		{956FD1FD-946E-4688-BD19-D675F1191221}.Debug|Any CPU.Build.0 = Debug|Any CPU
		{956FD1FD-946E-4688-BD19-D675F1191221}.Release|Any CPU.ActiveCfg = Release|Any CPU
		{956FD1FD-946E-4688-BD19-D675F1191221}.Release|Any CPU.Build.0 = Release|Any CPU
		{F5972C75-4145-44F0-BDC3-56EC74ADE674}.Debug|Any CPU.ActiveCfg = Debug|Any CPU
		{F5972C75-4145-44F0-BDC3-56EC74ADE674}.Debug|Any CPU.Build.0 = Debug|Any CPU
		{F5972C75-4145-44F0-BDC3-56EC74ADE674}.Release|Any CPU.ActiveCfg = Release|Any CPU
		{F5972C75-4145-44F0-BDC3-56EC74ADE674}.Release|Any CPU.Build.0 = Release|Any CPU
		{E8ACADFC-FA96-49AA-8A46-FC5C36E5C1EC}.Debug|Any CPU.ActiveCfg = Debug|Any CPU
		{E8ACADFC-FA96-49AA-8A46-FC5C36E5C1EC}.Debug|Any CPU.Build.0 = Debug|Any CPU
		{E8ACADFC-FA96-49AA-8A46-FC5C36E5C1EC}.Release|Any CPU.ActiveCfg = Release|Any CPU
		{E8ACADFC-FA96-49AA-8A46-FC5C36E5C1EC}.Release|Any CPU.Build.0 = Release|Any CPU
	EndGlobalSection
	GlobalSection(SolutionProperties) = preSolution
		HideSolutionNode = FALSE
	EndGlobalSection
	GlobalSection(ExtensibilityGlobals) = postSolution
		SolutionGuid = {E58307E2-88E3-42D2-B467-8ED87C656C7F}
	EndGlobalSection
EndGlobal
