
Microsoft Visual Studio Solution File, Format Version 12.00
# Visual Studio Version 17
VisualStudioVersion = 17.5.33516.290
MinimumVisualStudioVersion = 10.0.40219.1
Project("{FAE04EC0-301F-11D3-BF4B-00C04F79EFBC}") = "AvaloniaDataValidation", "AvaloniaDataValidation.csproj", "{E630B185-7942-45C5-8474-B0F19AE7C437}"
EndProject
Global
	GlobalSection(SolutionConfigurationPlatforms) = preSolution
		Debug|Any CPU = Debug|Any CPU
		Release|Any CPU = Release|Any CPU
	EndGlobalSection
	GlobalSection(ProjectConfigurationPlatforms) = postSolution
		{E630B185-7942-45C5-8474-B0F19AE7C437}.Debug|Any CPU.ActiveCfg = Debug|Any CPU
		{E630B185-7942-45C5-8474-B0F19AE7C437}.Debug|Any CPU.Build.0 = Debug|Any CPU
		{E630B185-7942-45C5-8474-B0F19AE7C437}.Release|Any CPU.ActiveCfg = Release|Any CPU
		{E630B185-7942-45C5-8474-B0F19AE7C437}.Release|Any CPU.Build.0 = Release|Any CPU
	EndGlobalSection
	GlobalSection(SolutionProperties) = preSolution
		HideSolutionNode = FALSE
	EndGlobalSection
	GlobalSection(ExtensibilityGlobals) = postSolution
		SolutionGuid = {E58307E2-88E3-42D2-B467-8ED87C656C7F}
	EndGlobalSection
EndGlobal
